
Microsoft Visual Studio Solution File, Format Version 12.00
# Visual Studio 15
VisualStudioVersion = 15.0.27428.2005
MinimumVisualStudioVersion = 10.0.40219.1
Project("{FAE04EC0-301F-11D3-BF4B-00C04F79EFBC}") = "10-CarpimTablosu-v1.0", "10-CarpimTablosu-v1.0\10-CarpimTablosu-v1.0.csproj", "{C03FFC7C-ABEF-41A4-A22C-A1505729FE38}"
EndProject
Global
	GlobalSection(SolutionConfigurationPlatforms) = preSolution
		Debug|Any CPU = Debug|Any CPU
		Release|Any CPU = Release|Any CPU
	EndGlobalSection
	GlobalSection(ProjectConfigurationPlatforms) = postSolution
		{C03FFC7C-ABEF-41A4-A22C-A1505729FE38}.Debug|Any CPU.ActiveCfg = Debug|Any CPU
		{C03FFC7C-ABEF-41A4-A22C-A1505729FE38}.Debug|Any CPU.Build.0 = Debug|Any CPU
		{C03FFC7C-ABEF-41A4-A22C-A1505729FE38}.Release|Any CPU.ActiveCfg = Release|Any CPU
		{C03FFC7C-ABEF-41A4-A22C-A1505729FE38}.Release|Any CPU.Build.0 = Release|Any CPU
	EndGlobalSection
	GlobalSection(SolutionProperties) = preSolution
		HideSolutionNode = FALSE
	EndGlobalSection
	GlobalSection(ExtensibilityGlobals) = postSolution
		SolutionGuid = {C3FAF209-62AA-485F-A628-06F75B4B8737}
	EndGlobalSection
EndGlobal
