
Microsoft Visual Studio Solution File, Format Version 12.00
# Visual Studio 15
VisualStudioVersion = 15.0.27428.2005
MinimumVisualStudioVersion = 10.0.40219.1
Project("{FAE04EC0-301F-11D3-BF4B-00C04F79EFBC}") = "20-VizeFinalSoruları-v2.0", "20-VizeFinalSoruları-v2.0\20-VizeFinalSoruları-v2.0.csproj", "{EEEC910C-6784-4BA8-817C-537FE7F473E8}"
EndProject
Global
	GlobalSection(SolutionConfigurationPlatforms) = preSolution
		Debug|Any CPU = Debug|Any CPU
		Release|Any CPU = Release|Any CPU
	EndGlobalSection
	GlobalSection(ProjectConfigurationPlatforms) = postSolution
		{EEEC910C-6784-4BA8-817C-537FE7F473E8}.Debug|Any CPU.ActiveCfg = Debug|Any CPU
		{EEEC910C-6784-4BA8-817C-537FE7F473E8}.Debug|Any CPU.Build.0 = Debug|Any CPU
		{EEEC910C-6784-4BA8-817C-537FE7F473E8}.Release|Any CPU.ActiveCfg = Release|Any CPU
		{EEEC910C-6784-4BA8-817C-537FE7F473E8}.Release|Any CPU.Build.0 = Release|Any CPU
	EndGlobalSection
	GlobalSection(SolutionProperties) = preSolution
		HideSolutionNode = FALSE
	EndGlobalSection
	GlobalSection(ExtensibilityGlobals) = postSolution
		SolutionGuid = {4D6D5085-55F1-4AAA-A9FD-8BFCB171EEE6}
	EndGlobalSection
EndGlobal
