
Microsoft Visual Studio Solution File, Format Version 12.00
# Visual Studio 15
VisualStudioVersion = 15.0.27428.2005
MinimumVisualStudioVersion = 10.0.40219.1
Project("{FAE04EC0-301F-11D3-BF4B-00C04F79EFBC}") = "6-1-N-Soruları-v1.0", "6-1-N-Soruları-v1.0\6-1-N-Soruları-v1.0.csproj", "{BF237641-89B3-48EF-B7F3-BDB84AA3ACED}"
EndProject
Global
	GlobalSection(SolutionConfigurationPlatforms) = preSolution
		Debug|Any CPU = Debug|Any CPU
		Release|Any CPU = Release|Any CPU
	EndGlobalSection
	GlobalSection(ProjectConfigurationPlatforms) = postSolution
		{BF237641-89B3-48EF-B7F3-BDB84AA3ACED}.Debug|Any CPU.ActiveCfg = Debug|Any CPU
		{BF237641-89B3-48EF-B7F3-BDB84AA3ACED}.Debug|Any CPU.Build.0 = Debug|Any CPU
		{BF237641-89B3-48EF-B7F3-BDB84AA3ACED}.Release|Any CPU.ActiveCfg = Release|Any CPU
		{BF237641-89B3-48EF-B7F3-BDB84AA3ACED}.Release|Any CPU.Build.0 = Release|Any CPU
	EndGlobalSection
	GlobalSection(SolutionProperties) = preSolution
		HideSolutionNode = FALSE
	EndGlobalSection
	GlobalSection(ExtensibilityGlobals) = postSolution
		SolutionGuid = {7532CF2A-E056-4539-B338-0395C2EB9DE4}
	EndGlobalSection
EndGlobal
