
Microsoft Visual Studio Solution File, Format Version 12.00
# Visual Studio 15
VisualStudioVersion = 15.0.27428.2005
MinimumVisualStudioVersion = 10.0.40219.1
Project("{FAE04EC0-301F-11D3-BF4B-00C04F79EFBC}") = "19-VizeFinalSoruları-v1.0", "19-VizeFinalSoruları-v1.0\19-VizeFinalSoruları-v1.0.csproj", "{3B0FDA9D-5E48-413F-95DA-7244A8990AE4}"
EndProject
Global
	GlobalSection(SolutionConfigurationPlatforms) = preSolution
		Debug|Any CPU = Debug|Any CPU
		Release|Any CPU = Release|Any CPU
	EndGlobalSection
	GlobalSection(ProjectConfigurationPlatforms) = postSolution
		{3B0FDA9D-5E48-413F-95DA-7244A8990AE4}.Debug|Any CPU.ActiveCfg = Debug|Any CPU
		{3B0FDA9D-5E48-413F-95DA-7244A8990AE4}.Debug|Any CPU.Build.0 = Debug|Any CPU
		{3B0FDA9D-5E48-413F-95DA-7244A8990AE4}.Release|Any CPU.ActiveCfg = Release|Any CPU
		{3B0FDA9D-5E48-413F-95DA-7244A8990AE4}.Release|Any CPU.Build.0 = Release|Any CPU
	EndGlobalSection
	GlobalSection(SolutionProperties) = preSolution
		HideSolutionNode = FALSE
	EndGlobalSection
	GlobalSection(ExtensibilityGlobals) = postSolution
		SolutionGuid = {22967870-5AE3-4BB0-86D8-48D1CF06E3BE}
	EndGlobalSection
EndGlobal
