
Microsoft Visual Studio Solution File, Format Version 12.00
# Visual Studio 15
VisualStudioVersion = 15.0.27428.2005
MinimumVisualStudioVersion = 10.0.40219.1
Project("{FAE04EC0-301F-11D3-BF4B-00C04F79EFBC}") = "14-AsalSayiBulma-v1.0", "14-AsalSayiBulma-v1.0\14-AsalSayiBulma-v1.0.csproj", "{4E1C149F-0296-4F52-A7C1-7D5A0A212007}"
EndProject
Global
	GlobalSection(SolutionConfigurationPlatforms) = preSolution
		Debug|Any CPU = Debug|Any CPU
		Release|Any CPU = Release|Any CPU
	EndGlobalSection
	GlobalSection(ProjectConfigurationPlatforms) = postSolution
		{4E1C149F-0296-4F52-A7C1-7D5A0A212007}.Debug|Any CPU.ActiveCfg = Debug|Any CPU
		{4E1C149F-0296-4F52-A7C1-7D5A0A212007}.Debug|Any CPU.Build.0 = Debug|Any CPU
		{4E1C149F-0296-4F52-A7C1-7D5A0A212007}.Release|Any CPU.ActiveCfg = Release|Any CPU
		{4E1C149F-0296-4F52-A7C1-7D5A0A212007}.Release|Any CPU.Build.0 = Release|Any CPU
	EndGlobalSection
	GlobalSection(SolutionProperties) = preSolution
		HideSolutionNode = FALSE
	EndGlobalSection
	GlobalSection(ExtensibilityGlobals) = postSolution
		SolutionGuid = {3621A27B-A72C-4D50-894D-ECA3B5869540}
	EndGlobalSection
EndGlobal
