
Microsoft Visual Studio Solution File, Format Version 12.00
# Visual Studio 15
VisualStudioVersion = 15.0.27428.2005
MinimumVisualStudioVersion = 10.0.40219.1
Project("{FAE04EC0-301F-11D3-BF4B-00C04F79EFBC}") = "16-UcgenOlusturma-v1.0", "16-UcgenOlusturma-v1.0\16-UcgenOlusturma-v1.0.csproj", "{1CFF2EC3-2DA8-45C6-90D2-47D91D4BCFE8}"
EndProject
Global
	GlobalSection(SolutionConfigurationPlatforms) = preSolution
		Debug|Any CPU = Debug|Any CPU
		Release|Any CPU = Release|Any CPU
	EndGlobalSection
	GlobalSection(ProjectConfigurationPlatforms) = postSolution
		{1CFF2EC3-2DA8-45C6-90D2-47D91D4BCFE8}.Debug|Any CPU.ActiveCfg = Debug|Any CPU
		{1CFF2EC3-2DA8-45C6-90D2-47D91D4BCFE8}.Debug|Any CPU.Build.0 = Debug|Any CPU
		{1CFF2EC3-2DA8-45C6-90D2-47D91D4BCFE8}.Release|Any CPU.ActiveCfg = Release|Any CPU
		{1CFF2EC3-2DA8-45C6-90D2-47D91D4BCFE8}.Release|Any CPU.Build.0 = Release|Any CPU
	EndGlobalSection
	GlobalSection(SolutionProperties) = preSolution
		HideSolutionNode = FALSE
	EndGlobalSection
	GlobalSection(ExtensibilityGlobals) = postSolution
		SolutionGuid = {3C401527-2FA3-40CA-BAE6-F9D1661E2338}
	EndGlobalSection
EndGlobal
