
Microsoft Visual Studio Solution File, Format Version 12.00
# Visual Studio 15
VisualStudioVersion = 15.0.27428.2005
MinimumVisualStudioVersion = 10.0.40219.1
Project("{FAE04EC0-301F-11D3-BF4B-00C04F79EFBC}") = "11-ArabaParkSureleri-v1.0", "11-ArabaParkSureleri-v1.0\11-ArabaParkSureleri-v1.0.csproj", "{5A671519-0524-4EF2-B8A5-E9FD81A51AB9}"
EndProject
Global
	GlobalSection(SolutionConfigurationPlatforms) = preSolution
		Debug|Any CPU = Debug|Any CPU
		Release|Any CPU = Release|Any CPU
	EndGlobalSection
	GlobalSection(ProjectConfigurationPlatforms) = postSolution
		{5A671519-0524-4EF2-B8A5-E9FD81A51AB9}.Debug|Any CPU.ActiveCfg = Debug|Any CPU
		{5A671519-0524-4EF2-B8A5-E9FD81A51AB9}.Debug|Any CPU.Build.0 = Debug|Any CPU
		{5A671519-0524-4EF2-B8A5-E9FD81A51AB9}.Release|Any CPU.ActiveCfg = Release|Any CPU
		{5A671519-0524-4EF2-B8A5-E9FD81A51AB9}.Release|Any CPU.Build.0 = Release|Any CPU
	EndGlobalSection
	GlobalSection(SolutionProperties) = preSolution
		HideSolutionNode = FALSE
	EndGlobalSection
	GlobalSection(ExtensibilityGlobals) = postSolution
		SolutionGuid = {E100F038-D740-4CB3-8CDC-F85FD321207D}
	EndGlobalSection
EndGlobal
